
Microsoft Visual Studio Solution File, Format Version 12.00
# Visual Studio Version 17
VisualStudioVersion = 17.5.002.0
MinimumVisualStudioVersion = 10.0.40219.1
Project("{FAE04EC0-301F-11D3-BF4B-00C04F79EFBC}") = "Flextime.Server", "Flextime.Server\Flextime.Server.csproj", "{827F944C-708C-45D1-90A3-4CD5E9D6F407}"
EndProject
Project("{FAE04EC0-301F-11D3-BF4B-00C04F79EFBC}") = "Flextime.Client", "Flextime.Client\Flextime.Client.csproj", "{FD8F01DF-1802-4FC3-BBC1-3E888A23D217}"
EndProject
Project("{FAE04EC0-301F-11D3-BF4B-00C04F79EFBC}") = "Flextime", "Flextime\Flextime.csproj", "{A39B4A91-8DF2-4301-8D2B-E6A418BB7635}"
EndProject
Project("{FAE04EC0-301F-11D3-BF4B-00C04F79EFBC}") = "Test.Flextime", "Tests\Test.Flextime\Test.Flextime.csproj", "{7188EF41-3682-41D9-8F86-86C3D2C336EA}"
EndProject
Project("{FAE04EC0-301F-11D3-BF4B-00C04F79EFBC}") = "Flextime.Sync", "Flextime.Sync\Flextime.Sync.csproj", "{389DCC55-5424-47AE-B04A-16AB384512D9}"
EndProject
Global
	GlobalSection(SolutionConfigurationPlatforms) = preSolution
		Debug|Any CPU = Debug|Any CPU
		Release|Any CPU = Release|Any CPU
	EndGlobalSection
	GlobalSection(ProjectConfigurationPlatforms) = postSolution
		{827F944C-708C-45D1-90A3-4CD5E9D6F407}.Debug|Any CPU.ActiveCfg = Debug|Any CPU
		{827F944C-708C-45D1-90A3-4CD5E9D6F407}.Debug|Any CPU.Build.0 = Debug|Any CPU
		{827F944C-708C-45D1-90A3-4CD5E9D6F407}.Release|Any CPU.ActiveCfg = Release|Any CPU
		{827F944C-708C-45D1-90A3-4CD5E9D6F407}.Release|Any CPU.Build.0 = Release|Any CPU
		{FD8F01DF-1802-4FC3-BBC1-3E888A23D217}.Debug|Any CPU.ActiveCfg = Debug|Any CPU
		{FD8F01DF-1802-4FC3-BBC1-3E888A23D217}.Debug|Any CPU.Build.0 = Debug|Any CPU
		{FD8F01DF-1802-4FC3-BBC1-3E888A23D217}.Release|Any CPU.ActiveCfg = Release|Any CPU
		{FD8F01DF-1802-4FC3-BBC1-3E888A23D217}.Release|Any CPU.Build.0 = Release|Any CPU
		{A39B4A91-8DF2-4301-8D2B-E6A418BB7635}.Debug|Any CPU.ActiveCfg = Debug|Any CPU
		{A39B4A91-8DF2-4301-8D2B-E6A418BB7635}.Debug|Any CPU.Build.0 = Debug|Any CPU
		{A39B4A91-8DF2-4301-8D2B-E6A418BB7635}.Release|Any CPU.ActiveCfg = Release|Any CPU
		{A39B4A91-8DF2-4301-8D2B-E6A418BB7635}.Release|Any CPU.Build.0 = Release|Any CPU
		{7188EF41-3682-41D9-8F86-86C3D2C336EA}.Debug|Any CPU.ActiveCfg = Debug|Any CPU
		{7188EF41-3682-41D9-8F86-86C3D2C336EA}.Debug|Any CPU.Build.0 = Debug|Any CPU
		{7188EF41-3682-41D9-8F86-86C3D2C336EA}.Release|Any CPU.ActiveCfg = Release|Any CPU
		{7188EF41-3682-41D9-8F86-86C3D2C336EA}.Release|Any CPU.Build.0 = Release|Any CPU
		{389DCC55-5424-47AE-B04A-16AB384512D9}.Debug|Any CPU.ActiveCfg = Debug|Any CPU
		{389DCC55-5424-47AE-B04A-16AB384512D9}.Debug|Any CPU.Build.0 = Debug|Any CPU
		{389DCC55-5424-47AE-B04A-16AB384512D9}.Release|Any CPU.ActiveCfg = Release|Any CPU
		{389DCC55-5424-47AE-B04A-16AB384512D9}.Release|Any CPU.Build.0 = Release|Any CPU
	EndGlobalSection
	GlobalSection(SolutionProperties) = preSolution
		HideSolutionNode = FALSE
	EndGlobalSection
	GlobalSection(ExtensibilityGlobals) = postSolution
		SolutionGuid = {FD60BF75-DC17-4B30-B838-F805EC68DC2B}
	EndGlobalSection
EndGlobal
